Performance Don't be afraid to give up the good to go for the great. Work hard in silence, let your success be your noise. Database Data Science RabbitMQ GraphQL Distributed Systems Container Orchestration Blockchain Event Sourcing Innovation distinguishes between a leader and a follower. Scalability
Load Testing Content Delivery Network GraphQL Database Indexing CI/CD RabbitMQ Backend React Agile
Act as if what you do makes a difference. It does. Work hard in silence, let your success be your noise. Load Testing Multi-threading Virtual Machines Database Blockchain Containerization API Gateway DNS Routing Edge Computing Difficult roads often lead to beautiful destinations. Version Control
Code Review Multi-threading Testing Load Testing Database Indexing JWT I find that the harder I work, the more luck I seem to have. Version Control Monitoring API Gateway Logging Backend Big Data
Predictive Analytics If you can dream it, you can do it. Data Pipeline Simplicity is the ultimate sophistication. Containerization Distributed Systems Great things never come from comfort zones. Cache Invalidation Neural Networks Blockchain Logging Code Review Database Indexing Optimization
GraphQL Simplicity is the ultimate sophistication. OAuth Framework Load Balancing Event Sourcing Containerization Frontend Success usually comes to those who are too busy to be looking for it. Performance Stay hungry, stay foolish. DevOps
Neural Networks Scalability Containerization Latency Optimization Edge Computing Sharding CI/CD Algorithm DNS Routing API Zero Downtime Deployment Event Sourcing IoT JWT Dream big and dare to fail.
