Performance Don't be afraid to give up the good to go for the great. Work hard in silence, let your success be your noise. Database Data Science RabbitMQ GraphQL Distributed Systems Container Orchestration Blockchain Event Sourcing Innovation distinguishes between a leader and a follower. Scalability
