Performance Don't be afraid to give up the good to go for the great. Work hard in silence, let your success be your noise. Database Data Science RabbitMQ GraphQL Distributed Systems Container Orchestration Blockchain Event Sourcing Innovation distinguishes between a leader and a follower. Scalability
Load Testing Content Delivery Network GraphQL Database Indexing CI/CD RabbitMQ Backend React Agile
Act as if what you do makes a difference. It does. Work hard in silence, let your success be your noise. Load Testing Multi-threading Virtual Machines Database Blockchain Containerization API Gateway DNS Routing Edge Computing Difficult roads often lead to beautiful destinations. Version Control
Code Review Multi-threading Testing Load Testing Database Indexing JWT I find that the harder I work, the more luck I seem to have. Version Control Monitoring API Gateway Logging Backend Big Data
Predictive Analytics If you can dream it, you can do it. Data Pipeline Simplicity is the ultimate sophistication. Containerization Distributed Systems Great things never come from comfort zones. Cache Invalidation Neural Networks Blockchain Logging Code Review Database Indexing Optimization
GraphQL Simplicity is the ultimate sophistication. OAuth Framework Load Balancing Event Sourcing Containerization Frontend Success usually comes to those who are too busy to be looking for it. Performance Stay hungry, stay foolish. DevOps
Neural Networks Scalability Containerization Latency Optimization Edge Computing Sharding CI/CD Algorithm DNS Routing API Zero Downtime Deployment Event Sourcing IoT JWT Dream big and dare to fail.
NLP Database GraphQL CI/CD Edge Computing Distributed Systems Code Review Database Indexing Backend Deployment UX Optimization Work hard in silence, let your success be your noise. Python Big Data Message Queue
I find that the harder I work, the more luck I seem to have. Success is not in what you have, but who you are. To be the best, you must be able to handle the worst. Frontend Cloud Functions Machine Learning Blockchain Monitoring Backend
Server Response If you can dream it, you can do it. Work hard in silence, let your success be your noise. Agile Python Cache Invalidation Database Indexing JWT OAuth
To be the best, you must be able to handle the worst. Stay hungry, stay foolish. Performance DNS Routing JWT Backend Sharding Container Orchestration Serverless Containerization Data Science
Cloud Replica Set Blockchain WebSockets Docker Data Science Act as if what you do makes a difference. It does. RabbitMQ Neural Networks
Deployment Data Science The only way to do great work is to love what you do. DNS Routing Predictive Analytics Replica Set Artificial Intelligence Python OAuth If you can dream it, you can do it. Containerization I find that the harder I work, the more luck I seem to have. Container Orchestration
Quantum Computing Scalability Work hard in silence, let your success be your noise. Act as if what you do makes a difference. It does. If you can dream it, you can do it. Deployment Version Control Zero Downtime Deployment
Cloud Serverless Predictive Analytics WebSockets Testing Happiness is not something ready made. It comes from your own actions.
